
Microsoft Visual Studio Solution File, Format Version 12.00
# Visual Studio Version 17
VisualStudioVersion = 17.0.31903.59
MinimumVisualStudioVersion = 10.0.40219.1
Project("{2150E333-8FDC-42A3-9474-1A3956D46DE8}") = "apps", "apps", "{1787FE1D-075E-9E68-7218-25F1BD1BBEAB}"
EndProject
Project("{2150E333-8FDC-42A3-9474-1A3956D46DE8}") = "gateway", "gateway", "{2F97E7A9-81E3-2496-880B-DB9B9EFDE6F5}"
EndProject
Project("{FAE04EC0-301F-11D3-BF4B-00C04F79EFBC}") = "ImagingPipeline.Gateway", "apps\gateway\ImagingPipeline.Gateway.csproj", "{AA0F49CA-19BB-435B-B2D7-7C58C49FFBBC}"
EndProject
Project("{2150E333-8FDC-42A3-9474-1A3956D46DE8}") = "tb-publisher", "tb-publisher", "{8426033C-438C-5CFC-B7B2-787320B61EBA}"
EndProject
Project("{FAE04EC0-301F-11D3-BF4B-00C04F79EFBC}") = "ImagingPipeline.TbPublisher", "apps\tb-publisher\ImagingPipeline.TbPublisher.csproj", "{60E6CFAD-C98D-4F32-A3DE-0FAE3B283294}"
EndProject
Project("{2150E333-8FDC-42A3-9474-1A3956D46DE8}") = "tb-consumer", "tb-consumer", "{42F5ADD0-7646-EE10-CD93-29F9A1FE798B}"
EndProject
Project("{FAE04EC0-301F-11D3-BF4B-00C04F79EFBC}") = "ImagingPipeline.TbConsumer", "apps\tb-consumer\ImagingPipeline.TbConsumer.csproj", "{F4B53FD6-D2C9-4662-A3F5-82A27423561D}"
EndProject
Project("{2150E333-8FDC-42A3-9474-1A3956D46DE8}") = "rules-api", "rules-api", "{5CE5DBC9-2E2B-7834-47E3-FC9850499648}"
EndProject
Project("{FAE04EC0-301F-11D3-BF4B-00C04F79EFBC}") = "ImagingPipeline.Rules.Api", "apps\rules-api\ImagingPipeline.Rules.Api.csproj", "{92A26B32-1395-4403-96CB-1BC007E3DFB1}"
EndProject
Project("{2150E333-8FDC-42A3-9474-1A3956D46DE8}") = "tests", "tests", "{0AB3BF05-4346-4AA6-1389-037BE0695223}"
EndProject
Project("{2150E333-8FDC-42A3-9474-1A3956D46DE8}") = "gateway-tests", "gateway-tests", "{CB044896-21E0-16B5-4D56-D95DCF3CE87B}"
EndProject
Project("{FAE04EC0-301F-11D3-BF4B-00C04F79EFBC}") = "ImagingPipeline.Gateway.Tests", "tests\gateway-tests\ImagingPipeline.Gateway.Tests.csproj", "{0251039E-29CF-4F61-93B2-574526A28C00}"
EndProject
Project("{2150E333-8FDC-42A3-9474-1A3956D46DE8}") = "tb-publisher-tests", "tb-publisher-tests", "{128B70E7-B017-3049-D84E-D42D22CD0FC1}"
EndProject
Project("{FAE04EC0-301F-11D3-BF4B-00C04F79EFBC}") = "ImagingPipeline.TbPublisher.Tests", "tests\tb-publisher-tests\ImagingPipeline.TbPublisher.Tests.csproj", "{BDEA4B1D-AF4B-46C5-A6C1-58C932556EEB}"
EndProject
Project("{2150E333-8FDC-42A3-9474-1A3956D46DE8}") = "tb-consumer-tests", "tb-consumer-tests", "{2CCD01F7-863E-4AB3-6E44-C4DE2D1B940A}"
EndProject
Project("{FAE04EC0-301F-11D3-BF4B-00C04F79EFBC}") = "ImagingPipeline.TbConsumer.Tests", "tests\tb-consumer-tests\ImagingPipeline.TbConsumer.Tests.csproj", "{2BDF9438-7847-40ED-8C08-C54C30D2F6C5}"
EndProject
Project("{2150E333-8FDC-42A3-9474-1A3956D46DE8}") = "rules-api-tests", "rules-api-tests", "{0690258A-35F9-1A88-5EE3-D5056795D191}"
EndProject
Project("{FAE04EC0-301F-11D3-BF4B-00C04F79EFBC}") = "ImagingPipeline.Rules.Api.Tests", "tests\rules-api-tests\ImagingPipeline.Rules.Api.Tests.csproj", "{0F3DE079-82EC-4B13-9B11-49C92F049A3A}"
EndProject
Project("{2150E333-8FDC-42A3-9474-1A3956D46DE8}") = "integration-tests", "integration-tests", "{64F25E59-3078-78AD-2A20-2A904F7AD2B3}"
EndProject
Project("{FAE04EC0-301F-11D3-BF4B-00C04F79EFBC}") = "ImagingPipeline.IntegrationTests", "tests\integration-tests\ImagingPipeline.IntegrationTests.csproj", "{6823BC74-36E2-42FB-A1CE-6535A972778D}"
EndProject
Project("{2150E333-8FDC-42A3-9474-1A3956D46DE8}") = "libs", "libs", "{6C4D298B-81FB-2B6B-5AB6-46205EDDC72C}"
EndProject
Project("{2150E333-8FDC-42A3-9474-1A3956D46DE8}") = "rabbitmq-client", "rabbitmq-client", "{A4BAC550-D58B-8619-B999-9F7910577AA8}"
EndProject
Project("{FAE04EC0-301F-11D3-BF4B-00C04F79EFBC}") = "RabbitMqClient", "libs\rabbitmq-client\RabbitMqClient.csproj", "{71AF2DF5-2384-4597-9415-8CDB82B00D98}"
EndProject
Project("{2150E333-8FDC-42A3-9474-1A3956D46DE8}") = "rabbitmq-client-tests", "rabbitmq-client-tests", "{8ECA6851-2785-403A-AA1F-443458ED755C}"
EndProject
Project("{FAE04EC0-301F-11D3-BF4B-00C04F79EFBC}") = "ImagingPipeline.RabbitMqClient.Tests", "tests\rabbitmq-client-tests\ImagingPipeline.RabbitMqClient.Tests.csproj", "{CD52AAA6-3A65-4AB8-B250-515F7813BBAA}"
EndProject
Project("{2150E333-8FDC-42A3-9474-1A3956D46DE8}") = "common-dtos", "common-dtos", "{6EA2F6DE-1296-9ABE-1DB3-AAAF767A5FB8}"
EndProject
Project("{FAE04EC0-301F-11D3-BF4B-00C04F79EFBC}") = "ImagingPipeline.Common.Dtos", "libs\common-dtos\ImagingPipeline.Common.Dtos.csproj", "{3D66C24C-603C-4381-A25A-8A006BECFC32}"
EndProject
Global
	GlobalSection(SolutionConfigurationPlatforms) = preSolution
		Debug|Any CPU = Debug|Any CPU
		Debug|x64 = Debug|x64
		Debug|x86 = Debug|x86
		Release|Any CPU = Release|Any CPU
		Release|x64 = Release|x64
		Release|x86 = Release|x86
	EndGlobalSection
	GlobalSection(ProjectConfigurationPlatforms) = postSolution
		{AA0F49CA-19BB-435B-B2D7-7C58C49FFBBC}.Debug|Any CPU.ActiveCfg = Debug|Any CPU
		{AA0F49CA-19BB-435B-B2D7-7C58C49FFBBC}.Debug|Any CPU.Build.0 = Debug|Any CPU
		{AA0F49CA-19BB-435B-B2D7-7C58C49FFBBC}.Debug|x64.ActiveCfg = Debug|Any CPU
		{AA0F49CA-19BB-435B-B2D7-7C58C49FFBBC}.Debug|x64.Build.0 = Debug|Any CPU
		{AA0F49CA-19BB-435B-B2D7-7C58C49FFBBC}.Debug|x86.ActiveCfg = Debug|Any CPU
		{AA0F49CA-19BB-435B-B2D7-7C58C49FFBBC}.Debug|x86.Build.0 = Debug|Any CPU
		{AA0F49CA-19BB-435B-B2D7-7C58C49FFBBC}.Release|Any CPU.ActiveCfg = Release|Any CPU
		{AA0F49CA-19BB-435B-B2D7-7C58C49FFBBC}.Release|Any CPU.Build.0 = Release|Any CPU
		{AA0F49CA-19BB-435B-B2D7-7C58C49FFBBC}.Release|x64.ActiveCfg = Release|Any CPU
		{AA0F49CA-19BB-435B-B2D7-7C58C49FFBBC}.Release|x64.Build.0 = Release|Any CPU
		{AA0F49CA-19BB-435B-B2D7-7C58C49FFBBC}.Release|x86.ActiveCfg = Release|Any CPU
		{AA0F49CA-19BB-435B-B2D7-7C58C49FFBBC}.Release|x86.Build.0 = Release|Any CPU
		{60E6CFAD-C98D-4F32-A3DE-0FAE3B283294}.Debug|Any CPU.ActiveCfg = Debug|Any CPU
		{60E6CFAD-C98D-4F32-A3DE-0FAE3B283294}.Debug|Any CPU.Build.0 = Debug|Any CPU
		{60E6CFAD-C98D-4F32-A3DE-0FAE3B283294}.Debug|x64.ActiveCfg = Debug|Any CPU
		{60E6CFAD-C98D-4F32-A3DE-0FAE3B283294}.Debug|x64.Build.0 = Debug|Any CPU
		{60E6CFAD-C98D-4F32-A3DE-0FAE3B283294}.Debug|x86.ActiveCfg = Debug|Any CPU
		{60E6CFAD-C98D-4F32-A3DE-0FAE3B283294}.Debug|x86.Build.0 = Debug|Any CPU
		{60E6CFAD-C98D-4F32-A3DE-0FAE3B283294}.Release|Any CPU.ActiveCfg = Release|Any CPU
		{60E6CFAD-C98D-4F32-A3DE-0FAE3B283294}.Release|Any CPU.Build.0 = Release|Any CPU
		{60E6CFAD-C98D-4F32-A3DE-0FAE3B283294}.Release|x64.ActiveCfg = Release|Any CPU
		{60E6CFAD-C98D-4F32-A3DE-0FAE3B283294}.Release|x64.Build.0 = Release|Any CPU
		{60E6CFAD-C98D-4F32-A3DE-0FAE3B283294}.Release|x86.ActiveCfg = Release|Any CPU
		{60E6CFAD-C98D-4F32-A3DE-0FAE3B283294}.Release|x86.Build.0 = Release|Any CPU
		{F4B53FD6-D2C9-4662-A3F5-82A27423561D}.Debug|Any CPU.ActiveCfg = Debug|Any CPU
		{F4B53FD6-D2C9-4662-A3F5-82A27423561D}.Debug|Any CPU.Build.0 = Debug|Any CPU
		{F4B53FD6-D2C9-4662-A3F5-82A27423561D}.Debug|x64.ActiveCfg = Debug|Any CPU
		{F4B53FD6-D2C9-4662-A3F5-82A27423561D}.Debug|x64.Build.0 = Debug|Any CPU
		{F4B53FD6-D2C9-4662-A3F5-82A27423561D}.Debug|x86.ActiveCfg = Debug|Any CPU
		{F4B53FD6-D2C9-4662-A3F5-82A27423561D}.Debug|x86.Build.0 = Debug|Any CPU
		{F4B53FD6-D2C9-4662-A3F5-82A27423561D}.Release|Any CPU.ActiveCfg = Release|Any CPU
		{F4B53FD6-D2C9-4662-A3F5-82A27423561D}.Release|Any CPU.Build.0 = Release|Any CPU
		{F4B53FD6-D2C9-4662-A3F5-82A27423561D}.Release|x64.ActiveCfg = Release|Any CPU
		{F4B53FD6-D2C9-4662-A3F5-82A27423561D}.Release|x64.Build.0 = Release|Any CPU
		{F4B53FD6-D2C9-4662-A3F5-82A27423561D}.Release|x86.ActiveCfg = Release|Any CPU
		{F4B53FD6-D2C9-4662-A3F5-82A27423561D}.Release|x86.Build.0 = Release|Any CPU
		{92A26B32-1395-4403-96CB-1BC007E3DFB1}.Debug|Any CPU.ActiveCfg = Debug|Any CPU
		{92A26B32-1395-4403-96CB-1BC007E3DFB1}.Debug|Any CPU.Build.0 = Debug|Any CPU
		{92A26B32-1395-4403-96CB-1BC007E3DFB1}.Debug|x64.ActiveCfg = Debug|Any CPU
		{92A26B32-1395-4403-96CB-1BC007E3DFB1}.Debug|x64.Build.0 = Debug|Any CPU
		{92A26B32-1395-4403-96CB-1BC007E3DFB1}.Debug|x86.ActiveCfg = Debug|Any CPU
		{92A26B32-1395-4403-96CB-1BC007E3DFB1}.Debug|x86.Build.0 = Debug|Any CPU
		{92A26B32-1395-4403-96CB-1BC007E3DFB1}.Release|Any CPU.ActiveCfg = Release|Any CPU
		{92A26B32-1395-4403-96CB-1BC007E3DFB1}.Release|Any CPU.Build.0 = Release|Any CPU
		{92A26B32-1395-4403-96CB-1BC007E3DFB1}.Release|x64.ActiveCfg = Release|Any CPU
		{92A26B32-1395-4403-96CB-1BC007E3DFB1}.Release|x64.Build.0 = Release|Any CPU
		{92A26B32-1395-4403-96CB-1BC007E3DFB1}.Release|x86.ActiveCfg = Release|Any CPU
		{92A26B32-1395-4403-96CB-1BC007E3DFB1}.Release|x86.Build.0 = Release|Any CPU
		{0251039E-29CF-4F61-93B2-574526A28C00}.Debug|Any CPU.ActiveCfg = Debug|Any CPU
		{0251039E-29CF-4F61-93B2-574526A28C00}.Debug|Any CPU.Build.0 = Debug|Any CPU
		{0251039E-29CF-4F61-93B2-574526A28C00}.Debug|x64.ActiveCfg = Debug|Any CPU
		{0251039E-29CF-4F61-93B2-574526A28C00}.Debug|x64.Build.0 = Debug|Any CPU
		{0251039E-29CF-4F61-93B2-574526A28C00}.Debug|x86.ActiveCfg = Debug|Any CPU
		{0251039E-29CF-4F61-93B2-574526A28C00}.Debug|x86.Build.0 = Debug|Any CPU
		{0251039E-29CF-4F61-93B2-574526A28C00}.Release|Any CPU.ActiveCfg = Release|Any CPU
		{0251039E-29CF-4F61-93B2-574526A28C00}.Release|Any CPU.Build.0 = Release|Any CPU
		{0251039E-29CF-4F61-93B2-574526A28C00}.Release|x64.ActiveCfg = Release|Any CPU
		{0251039E-29CF-4F61-93B2-574526A28C00}.Release|x64.Build.0 = Release|Any CPU
		{0251039E-29CF-4F61-93B2-574526A28C00}.Release|x86.ActiveCfg = Release|Any CPU
		{0251039E-29CF-4F61-93B2-574526A28C00}.Release|x86.Build.0 = Release|Any CPU
		{BDEA4B1D-AF4B-46C5-A6C1-58C932556EEB}.Debug|Any CPU.ActiveCfg = Debug|Any CPU
		{BDEA4B1D-AF4B-46C5-A6C1-58C932556EEB}.Debug|Any CPU.Build.0 = Debug|Any CPU
		{BDEA4B1D-AF4B-46C5-A6C1-58C932556EEB}.Debug|x64.ActiveCfg = Debug|Any CPU
		{BDEA4B1D-AF4B-46C5-A6C1-58C932556EEB}.Debug|x64.Build.0 = Debug|Any CPU
		{BDEA4B1D-AF4B-46C5-A6C1-58C932556EEB}.Debug|x86.ActiveCfg = Debug|Any CPU
		{BDEA4B1D-AF4B-46C5-A6C1-58C932556EEB}.Debug|x86.Build.0 = Debug|Any CPU
		{BDEA4B1D-AF4B-46C5-A6C1-58C932556EEB}.Release|Any CPU.ActiveCfg = Release|Any CPU
		{BDEA4B1D-AF4B-46C5-A6C1-58C932556EEB}.Release|Any CPU.Build.0 = Release|Any CPU
		{BDEA4B1D-AF4B-46C5-A6C1-58C932556EEB}.Release|x64.ActiveCfg = Release|Any CPU
		{BDEA4B1D-AF4B-46C5-A6C1-58C932556EEB}.Release|x64.Build.0 = Release|Any CPU
		{BDEA4B1D-AF4B-46C5-A6C1-58C932556EEB}.Release|x86.ActiveCfg = Release|Any CPU
		{BDEA4B1D-AF4B-46C5-A6C1-58C932556EEB}.Release|x86.Build.0 = Release|Any CPU
		{2BDF9438-7847-40ED-8C08-C54C30D2F6C5}.Debug|Any CPU.ActiveCfg = Debug|Any CPU
		{2BDF9438-7847-40ED-8C08-C54C30D2F6C5}.Debug|Any CPU.Build.0 = Debug|Any CPU
		{2BDF9438-7847-40ED-8C08-C54C30D2F6C5}.Debug|x64.ActiveCfg = Debug|Any CPU
		{2BDF9438-7847-40ED-8C08-C54C30D2F6C5}.Debug|x64.Build.0 = Debug|Any CPU
		{2BDF9438-7847-40ED-8C08-C54C30D2F6C5}.Debug|x86.ActiveCfg = Debug|Any CPU
		{2BDF9438-7847-40ED-8C08-C54C30D2F6C5}.Debug|x86.Build.0 = Debug|Any CPU
		{2BDF9438-7847-40ED-8C08-C54C30D2F6C5}.Release|Any CPU.ActiveCfg = Release|Any CPU
		{2BDF9438-7847-40ED-8C08-C54C30D2F6C5}.Release|Any CPU.Build.0 = Release|Any CPU
		{2BDF9438-7847-40ED-8C08-C54C30D2F6C5}.Release|x64.ActiveCfg = Release|Any CPU
		{2BDF9438-7847-40ED-8C08-C54C30D2F6C5}.Release|x64.Build.0 = Release|Any CPU
		{2BDF9438-7847-40ED-8C08-C54C30D2F6C5}.Release|x86.ActiveCfg = Release|Any CPU
		{2BDF9438-7847-40ED-8C08-C54C30D2F6C5}.Release|x86.Build.0 = Release|Any CPU
		{0F3DE079-82EC-4B13-9B11-49C92F049A3A}.Debug|Any CPU.ActiveCfg = Debug|Any CPU
		{0F3DE079-82EC-4B13-9B11-49C92F049A3A}.Debug|Any CPU.Build.0 = Debug|Any CPU
		{0F3DE079-82EC-4B13-9B11-49C92F049A3A}.Debug|x64.ActiveCfg = Debug|Any CPU
		{0F3DE079-82EC-4B13-9B11-49C92F049A3A}.Debug|x64.Build.0 = Debug|Any CPU
		{0F3DE079-82EC-4B13-9B11-49C92F049A3A}.Debug|x86.ActiveCfg = Debug|Any CPU
		{0F3DE079-82EC-4B13-9B11-49C92F049A3A}.Debug|x86.Build.0 = Debug|Any CPU
		{0F3DE079-82EC-4B13-9B11-49C92F049A3A}.Release|Any CPU.ActiveCfg = Release|Any CPU
		{0F3DE079-82EC-4B13-9B11-49C92F049A3A}.Release|Any CPU.Build.0 = Release|Any CPU
		{0F3DE079-82EC-4B13-9B11-49C92F049A3A}.Release|x64.ActiveCfg = Release|Any CPU
		{0F3DE079-82EC-4B13-9B11-49C92F049A3A}.Release|x64.Build.0 = Release|Any CPU
		{0F3DE079-82EC-4B13-9B11-49C92F049A3A}.Release|x86.ActiveCfg = Release|Any CPU
		{0F3DE079-82EC-4B13-9B11-49C92F049A3A}.Release|x86.Build.0 = Release|Any CPU
		{6823BC74-36E2-42FB-A1CE-6535A972778D}.Debug|Any CPU.ActiveCfg = Debug|Any CPU
		{6823BC74-36E2-42FB-A1CE-6535A972778D}.Debug|Any CPU.Build.0 = Debug|Any CPU
		{6823BC74-36E2-42FB-A1CE-6535A972778D}.Debug|x64.ActiveCfg = Debug|Any CPU
		{6823BC74-36E2-42FB-A1CE-6535A972778D}.Debug|x64.Build.0 = Debug|Any CPU
		{6823BC74-36E2-42FB-A1CE-6535A972778D}.Debug|x86.ActiveCfg = Debug|Any CPU
		{6823BC74-36E2-42FB-A1CE-6535A972778D}.Debug|x86.Build.0 = Debug|Any CPU
		{6823BC74-36E2-42FB-A1CE-6535A972778D}.Release|Any CPU.ActiveCfg = Release|Any CPU
		{6823BC74-36E2-42FB-A1CE-6535A972778D}.Release|Any CPU.Build.0 = Release|Any CPU
		{6823BC74-36E2-42FB-A1CE-6535A972778D}.Release|x64.ActiveCfg = Release|Any CPU
		{6823BC74-36E2-42FB-A1CE-6535A972778D}.Release|x64.Build.0 = Release|Any CPU
		{6823BC74-36E2-42FB-A1CE-6535A972778D}.Release|x86.ActiveCfg = Release|Any CPU
		{6823BC74-36E2-42FB-A1CE-6535A972778D}.Release|x86.Build.0 = Release|Any CPU
		{71AF2DF5-2384-4597-9415-8CDB82B00D98}.Debug|Any CPU.ActiveCfg = Debug|Any CPU
		{71AF2DF5-2384-4597-9415-8CDB82B00D98}.Debug|Any CPU.Build.0 = Debug|Any CPU
		{71AF2DF5-2384-4597-9415-8CDB82B00D98}.Debug|x64.ActiveCfg = Debug|Any CPU
		{71AF2DF5-2384-4597-9415-8CDB82B00D98}.Debug|x64.Build.0 = Debug|Any CPU
		{71AF2DF5-2384-4597-9415-8CDB82B00D98}.Debug|x86.ActiveCfg = Debug|Any CPU
		{71AF2DF5-2384-4597-9415-8CDB82B00D98}.Debug|x86.Build.0 = Debug|Any CPU
		{71AF2DF5-2384-4597-9415-8CDB82B00D98}.Release|Any CPU.ActiveCfg = Release|Any CPU
		{71AF2DF5-2384-4597-9415-8CDB82B00D98}.Release|Any CPU.Build.0 = Release|Any CPU
		{71AF2DF5-2384-4597-9415-8CDB82B00D98}.Release|x64.ActiveCfg = Release|Any CPU
		{71AF2DF5-2384-4597-9415-8CDB82B00D98}.Release|x64.Build.0 = Release|Any CPU
		{71AF2DF5-2384-4597-9415-8CDB82B00D98}.Release|x86.ActiveCfg = Release|Any CPU
		{71AF2DF5-2384-4597-9415-8CDB82B00D98}.Release|x86.Build.0 = Release|Any CPU
		{CD52AAA6-3A65-4AB8-B250-515F7813BBAA}.Debug|Any CPU.ActiveCfg = Debug|Any CPU
		{CD52AAA6-3A65-4AB8-B250-515F7813BBAA}.Debug|Any CPU.Build.0 = Debug|Any CPU
		{CD52AAA6-3A65-4AB8-B250-515F7813BBAA}.Debug|x64.ActiveCfg = Debug|Any CPU
		{CD52AAA6-3A65-4AB8-B250-515F7813BBAA}.Debug|x64.Build.0 = Debug|Any CPU
		{CD52AAA6-3A65-4AB8-B250-515F7813BBAA}.Debug|x86.ActiveCfg = Debug|Any CPU
		{CD52AAA6-3A65-4AB8-B250-515F7813BBAA}.Debug|x86.Build.0 = Debug|Any CPU
		{CD52AAA6-3A65-4AB8-B250-515F7813BBAA}.Release|Any CPU.ActiveCfg = Release|Any CPU
		{CD52AAA6-3A65-4AB8-B250-515F7813BBAA}.Release|Any CPU.Build.0 = Release|Any CPU
		{CD52AAA6-3A65-4AB8-B250-515F7813BBAA}.Release|x64.ActiveCfg = Release|Any CPU
		{CD52AAA6-3A65-4AB8-B250-515F7813BBAA}.Release|x64.Build.0 = Release|Any CPU
		{CD52AAA6-3A65-4AB8-B250-515F7813BBAA}.Release|x86.ActiveCfg = Release|Any CPU
		{CD52AAA6-3A65-4AB8-B250-515F7813BBAA}.Release|x86.Build.0 = Release|Any CPU
		{3D66C24C-603C-4381-A25A-8A006BECFC32}.Debug|Any CPU.ActiveCfg = Debug|Any CPU
		{3D66C24C-603C-4381-A25A-8A006BECFC32}.Debug|Any CPU.Build.0 = Debug|Any CPU
		{3D66C24C-603C-4381-A25A-8A006BECFC32}.Debug|x64.ActiveCfg = Debug|Any CPU
		{3D66C24C-603C-4381-A25A-8A006BECFC32}.Debug|x64.Build.0 = Debug|Any CPU
		{3D66C24C-603C-4381-A25A-8A006BECFC32}.Debug|x86.ActiveCfg = Debug|Any CPU
		{3D66C24C-603C-4381-A25A-8A006BECFC32}.Debug|x86.Build.0 = Debug|Any CPU
		{3D66C24C-603C-4381-A25A-8A006BECFC32}.Release|Any CPU.ActiveCfg = Release|Any CPU
		{3D66C24C-603C-4381-A25A-8A006BECFC32}.Release|Any CPU.Build.0 = Release|Any CPU
		{3D66C24C-603C-4381-A25A-8A006BECFC32}.Release|x64.ActiveCfg = Release|Any CPU
		{3D66C24C-603C-4381-A25A-8A006BECFC32}.Release|x64.Build.0 = Release|Any CPU
		{3D66C24C-603C-4381-A25A-8A006BECFC32}.Release|x86.ActiveCfg = Release|Any CPU
		{3D66C24C-603C-4381-A25A-8A006BECFC32}.Release|x86.Build.0 = Release|Any CPU
	EndGlobalSection
	GlobalSection(SolutionProperties) = preSolution
		HideSolutionNode = FALSE
	EndGlobalSection
	GlobalSection(NestedProjects) = preSolution
		{2F97E7A9-81E3-2496-880B-DB9B9EFDE6F5} = {1787FE1D-075E-9E68-7218-25F1BD1BBEAB}
		{AA0F49CA-19BB-435B-B2D7-7C58C49FFBBC} = {2F97E7A9-81E3-2496-880B-DB9B9EFDE6F5}
		{8426033C-438C-5CFC-B7B2-787320B61EBA} = {1787FE1D-075E-9E68-7218-25F1BD1BBEAB}
		{60E6CFAD-C98D-4F32-A3DE-0FAE3B283294} = {8426033C-438C-5CFC-B7B2-787320B61EBA}
		{42F5ADD0-7646-EE10-CD93-29F9A1FE798B} = {1787FE1D-075E-9E68-7218-25F1BD1BBEAB}
		{F4B53FD6-D2C9-4662-A3F5-82A27423561D} = {42F5ADD0-7646-EE10-CD93-29F9A1FE798B}
		{5CE5DBC9-2E2B-7834-47E3-FC9850499648} = {1787FE1D-075E-9E68-7218-25F1BD1BBEAB}
		{92A26B32-1395-4403-96CB-1BC007E3DFB1} = {5CE5DBC9-2E2B-7834-47E3-FC9850499648}
		{CB044896-21E0-16B5-4D56-D95DCF3CE87B} = {0AB3BF05-4346-4AA6-1389-037BE0695223}
		{0251039E-29CF-4F61-93B2-574526A28C00} = {CB044896-21E0-16B5-4D56-D95DCF3CE87B}
		{128B70E7-B017-3049-D84E-D42D22CD0FC1} = {0AB3BF05-4346-4AA6-1389-037BE0695223}
		{BDEA4B1D-AF4B-46C5-A6C1-58C932556EEB} = {128B70E7-B017-3049-D84E-D42D22CD0FC1}
		{2CCD01F7-863E-4AB3-6E44-C4DE2D1B940A} = {0AB3BF05-4346-4AA6-1389-037BE0695223}
		{2BDF9438-7847-40ED-8C08-C54C30D2F6C5} = {2CCD01F7-863E-4AB3-6E44-C4DE2D1B940A}
		{0690258A-35F9-1A88-5EE3-D5056795D191} = {0AB3BF05-4346-4AA6-1389-037BE0695223}
		{0F3DE079-82EC-4B13-9B11-49C92F049A3A} = {0690258A-35F9-1A88-5EE3-D5056795D191}
		{64F25E59-3078-78AD-2A20-2A904F7AD2B3} = {0AB3BF05-4346-4AA6-1389-037BE0695223}
		{6823BC74-36E2-42FB-A1CE-6535A972778D} = {64F25E59-3078-78AD-2A20-2A904F7AD2B3}
		{A4BAC550-D58B-8619-B999-9F7910577AA8} = {6C4D298B-81FB-2B6B-5AB6-46205EDDC72C}
		{71AF2DF5-2384-4597-9415-8CDB82B00D98} = {A4BAC550-D58B-8619-B999-9F7910577AA8}
		{8ECA6851-2785-403A-AA1F-443458ED755C} = {0AB3BF05-4346-4AA6-1389-037BE0695223}
		{CD52AAA6-3A65-4AB8-B250-515F7813BBAA} = {8ECA6851-2785-403A-AA1F-443458ED755C}
		{6EA2F6DE-1296-9ABE-1DB3-AAAF767A5FB8} = {6C4D298B-81FB-2B6B-5AB6-46205EDDC72C}
		{3D66C24C-603C-4381-A25A-8A006BECFC32} = {6EA2F6DE-1296-9ABE-1DB3-AAAF767A5FB8}
	EndGlobalSection
EndGlobal
